
Microsoft Visual Studio Solution File, Format Version 12.00
# Visual Studio Version 17
VisualStudioVersion = 17.4.33213.308
MinimumVisualStudioVersion = 10.0.40219.1
Project("{FAE04EC0-301F-11D3-BF4B-00C04F79EFBC}") = "InProcessHosting", "InProcessHosting\InProcessHosting.csproj", "{842E9548-2007-40EE-B2A1-85A8CFD8B0E7}"
EndProject
Global
	GlobalSection(SolutionConfigurationPlatforms) = preSolution
		Debug|Any CPU = Debug|Any CPU
		Release|Any CPU = Release|Any CPU
	EndGlobalSection
	GlobalSection(ProjectConfigurationPlatforms) = postSolution
		{842E9548-2007-40EE-B2A1-85A8CFD8B0E7}.Debug|Any CPU.ActiveCfg = Debug|Any CPU
		{842E9548-2007-40EE-B2A1-85A8CFD8B0E7}.Debug|Any CPU.Build.0 = Debug|Any CPU
		{842E9548-2007-40EE-B2A1-85A8CFD8B0E7}.Release|Any CPU.ActiveCfg = Release|Any CPU
		{842E9548-2007-40EE-B2A1-85A8CFD8B0E7}.Release|Any CPU.Build.0 = Release|Any CPU
	EndGlobalSection
	GlobalSection(SolutionProperties) = preSolution
		HideSolutionNode = FALSE
	EndGlobalSection
	GlobalSection(ExtensibilityGlobals) = postSolution
		SolutionGuid = {9E03A9AF-A4E5-4CDD-B701-8B14718A4A92}
	EndGlobalSection
EndGlobal
